PODS:
  - bluetooth_enable_fork (0.1.4):
    - Flutter
  - Flutter (1.0.0)
  - permission_handler_apple (9.0.4):
    - Flutter
  - Protobuf (3.23.0)
  - reactive_ble_mobile (0.0.1):
    - Flutter
    - Protobuf (~> 3.5)
    - SwiftProtobuf (~> 1.0)
  - shared_preferences_foundation (0.0.1):
    - Flutter
    - FlutterMacOS
  - SwiftProtobuf (1.21.0)

DEPENDENCIES:
  - bluetooth_enable_fork (from `.symlinks/plugins/bluetooth_enable_fork/ios`)
  - Flutter (from `Flutter`)
  - permission_handler_apple (from `.symlinks/plugins/permission_handler_apple/ios`)
  - reactive_ble_mobile (from `.symlinks/plugins/reactive_ble_mobile/ios`)
  - shared_preferences_foundation (from `.symlinks/plugins/shared_preferences_foundation/darwin`)

SPEC REPOS:
  trunk:
    - Protobuf
    - SwiftProtobuf

EXTERNAL SOURCES:
  bluetooth_enable_fork:
    :path: ".symlinks/plugins/bluetooth_enable_fork/ios"
  Flutter:
    :path: Flutter
  permission_handler_apple:
    :path: ".symlinks/plugins/permission_handler_apple/ios"
  reactive_ble_mobile:
    :path: ".symlinks/plugins/reactive_ble_mobile/ios"
  shared_preferences_foundation:
    :path: ".symlinks/plugins/shared_preferences_foundation/darwin"

SPEC CHECKSUMS:
  bluetooth_enable_fork: 73b8ca6e67230a9baa04010cd5c1e824e00d2797
  Flutter: f04841e97a9d0b0a8025694d0796dd46242b2854
  permission_handler_apple: 44366e37eaf29454a1e7b1b7d736c2cceaeb17ce
  Protobuf: 43e3764cdf3609fdd00417649561565703437fdc
  reactive_ble_mobile: 9ce6723d37ccf701dbffd202d487f23f5de03b4c
  shared_preferences_foundation: e2dae3258e06f44cc55f49d42024fd8dd03c590c
  SwiftProtobuf: afced68785854575756db965e9da52bbf3dc45e7

PODFILE CHECKSUM: f58d25a0f77e84335ad0b2d7b260f4737c2d51b3

COCOAPODS: 1.12.1
